
Microsoft Visual Studio Solution File, Format Version 12.00
# Visual Studio Version 17
VisualStudioVersion = 17.0.31903.59
MinimumVisualStudioVersion = 10.0.40219.1
Project("{2150E333-8FDC-42A3-9474-1A3956D46DE8}") = "services", "services", "{5854FF58-B8C5-05C6-5BF2-ACE42193F22B}"
EndProject
Project("{FAE04EC0-301F-11D3-BF4B-00C04F79EFBC}") = "ApiGateway", "services\ApiGateway\ApiGateway.csproj", "{380B51D8-15ED-4210-A3CD-CA77DBBBFD5E}"
EndProject
Project("{2150E333-8FDC-42A3-9474-1A3956D46DE8}") = "BookingService", "BookingService", "{5CFE4BAC-9D17-26E1-1140-3D04F039A514}"
EndProject
Project("{FAE04EC0-301F-11D3-BF4B-00C04F79EFBC}") = "Booking.Api", "services\BookingService\Booking.Api\Booking.Api.csproj", "{63F0AD78-D838-4E4C-815C-9D6ADEDD31C9}"
EndProject
Project("{FAE04EC0-301F-11D3-BF4B-00C04F79EFBC}") = "Booking.Application", "services\BookingService\Booking.Application\Booking.Application.csproj", "{7773DAC3-6D8A-4D7C-9C3A-A7938F5651B7}"
EndProject
Project("{FAE04EC0-301F-11D3-BF4B-00C04F79EFBC}") = "Booking.Domain", "services\BookingService\Booking.Domain\Booking.Domain.csproj", "{B5F624CD-0E8E-435C-AD42-D42A5A488BF6}"
EndProject
Project("{FAE04EC0-301F-11D3-BF4B-00C04F79EFBC}") = "Booking.Infrastructure", "services\BookingService\Booking.Infrastructure\Booking.Infrastructure.csproj", "{64539063-7117-4659-A06E-70773AB53C69}"
EndProject
Project("{2150E333-8FDC-42A3-9474-1A3956D46DE8}") = "IdentityService", "IdentityService", "{DD206F60-1FAF-ED75-6FA2-9D7982884EA4}"
EndProject
Project("{FAE04EC0-301F-11D3-BF4B-00C04F79EFBC}") = "Identity.Api", "services\IdentityService\Identity.Api\Identity.Api.csproj", "{6C31FAF2-F7E7-4724-A771-1B78AE577C25}"
EndProject
Project("{FAE04EC0-301F-11D3-BF4B-00C04F79EFBC}") = "Identity.Application", "services\IdentityService\Identity.Application\Identity.Application.csproj", "{B23D77EE-E42E-464D-B06B-84BAFA86819A}"
EndProject
Project("{FAE04EC0-301F-11D3-BF4B-00C04F79EFBC}") = "Identity.Domain", "services\IdentityService\Identity.Domain\Identity.Domain.csproj", "{437F573E-DF53-4B73-967A-F1149E19A9A0}"
EndProject
Project("{FAE04EC0-301F-11D3-BF4B-00C04F79EFBC}") = "Identity.Infrastructure", "services\IdentityService\Identity.Infrastructure\Identity.Infrastructure.csproj", "{913D7F9A-AF34-447A-98F1-CA27DFBC1C20}"
EndProject
Project("{2150E333-8FDC-42A3-9474-1A3956D46DE8}") = "shared", "shared", "{4F52FD11-658E-A102-6CD3-7D7C16FFA15B}"
EndProject
Project("{FAE04EC0-301F-11D3-BF4B-00C04F79EFBC}") = "BuildingBlocks", "shared\BuildingBlocks\BuildingBlocks.csproj", "{0FEB7A26-E4E9-445A-A719-953B98355F1A}"
EndProject
Project("{2150E333-8FDC-42A3-9474-1A3956D46DE8}") = "PropertyService", "PropertyService", "{2066DCBC-4CD4-8879-DA3A-2701C374B344}"
EndProject
Project("{FAE04EC0-301F-11D3-BF4B-00C04F79EFBC}") = "Property.Api", "services\PropertyService\Property.Api\Property.Api.csproj", "{62882AE5-8AD5-44CE-B219-735E05542219}"
EndProject
Project("{FAE04EC0-301F-11D3-BF4B-00C04F79EFBC}") = "Property.Application", "services\PropertyService\Property.Application\Property.Application.csproj", "{B88FD3A4-438D-4AAD-A5D7-CD0DBED8F931}"
EndProject
Project("{FAE04EC0-301F-11D3-BF4B-00C04F79EFBC}") = "Property.Domain", "services\PropertyService\Property.Domain\Property.Domain.csproj", "{F0A011EC-5052-4D85-A43A-8C793CCCC932}"
EndProject
Project("{FAE04EC0-301F-11D3-BF4B-00C04F79EFBC}") = "Property.Infrastructure", "services\PropertyService\Property.Infrastructure\Property.Infrastructure.csproj", "{3F62D6B6-236A-4C4D-8ECB-C1B275AFC460}"
EndProject
Project("{FAE04EC0-301F-11D3-BF4B-00C04F79EFBC}") = "Contracts", "Shared\Contracts\Contracts.csproj", "{CA1B9EA4-45A3-490D-AADC-E503EA83E99E}"
EndProject
Global
	GlobalSection(SolutionConfigurationPlatforms) = preSolution
		Debug|Any CPU = Debug|Any CPU
		Debug|x64 = Debug|x64
		Debug|x86 = Debug|x86
		Release|Any CPU = Release|Any CPU
		Release|x64 = Release|x64
		Release|x86 = Release|x86
	EndGlobalSection
	GlobalSection(ProjectConfigurationPlatforms) = postSolution
		{380B51D8-15ED-4210-A3CD-CA77DBBBFD5E}.Debug|Any CPU.ActiveCfg = Debug|Any CPU
		{380B51D8-15ED-4210-A3CD-CA77DBBBFD5E}.Debug|Any CPU.Build.0 = Debug|Any CPU
		{380B51D8-15ED-4210-A3CD-CA77DBBBFD5E}.Debug|x64.ActiveCfg = Debug|Any CPU
		{380B51D8-15ED-4210-A3CD-CA77DBBBFD5E}.Debug|x64.Build.0 = Debug|Any CPU
		{380B51D8-15ED-4210-A3CD-CA77DBBBFD5E}.Debug|x86.ActiveCfg = Debug|Any CPU
		{380B51D8-15ED-4210-A3CD-CA77DBBBFD5E}.Debug|x86.Build.0 = Debug|Any CPU
		{380B51D8-15ED-4210-A3CD-CA77DBBBFD5E}.Release|Any CPU.ActiveCfg = Release|Any CPU
		{380B51D8-15ED-4210-A3CD-CA77DBBBFD5E}.Release|Any CPU.Build.0 = Release|Any CPU
		{380B51D8-15ED-4210-A3CD-CA77DBBBFD5E}.Release|x64.ActiveCfg = Release|Any CPU
		{380B51D8-15ED-4210-A3CD-CA77DBBBFD5E}.Release|x64.Build.0 = Release|Any CPU
		{380B51D8-15ED-4210-A3CD-CA77DBBBFD5E}.Release|x86.ActiveCfg = Release|Any CPU
		{380B51D8-15ED-4210-A3CD-CA77DBBBFD5E}.Release|x86.Build.0 = Release|Any CPU
		{63F0AD78-D838-4E4C-815C-9D6ADEDD31C9}.Debug|Any CPU.ActiveCfg = Debug|Any CPU
		{63F0AD78-D838-4E4C-815C-9D6ADEDD31C9}.Debug|Any CPU.Build.0 = Debug|Any CPU
		{63F0AD78-D838-4E4C-815C-9D6ADEDD31C9}.Debug|x64.ActiveCfg = Debug|Any CPU
		{63F0AD78-D838-4E4C-815C-9D6ADEDD31C9}.Debug|x64.Build.0 = Debug|Any CPU
		{63F0AD78-D838-4E4C-815C-9D6ADEDD31C9}.Debug|x86.ActiveCfg = Debug|Any CPU
		{63F0AD78-D838-4E4C-815C-9D6ADEDD31C9}.Debug|x86.Build.0 = Debug|Any CPU
		{63F0AD78-D838-4E4C-815C-9D6ADEDD31C9}.Release|Any CPU.ActiveCfg = Release|Any CPU
		{63F0AD78-D838-4E4C-815C-9D6ADEDD31C9}.Release|Any CPU.Build.0 = Release|Any CPU
		{63F0AD78-D838-4E4C-815C-9D6ADEDD31C9}.Release|x64.ActiveCfg = Release|Any CPU
		{63F0AD78-D838-4E4C-815C-9D6ADEDD31C9}.Release|x64.Build.0 = Release|Any CPU
		{63F0AD78-D838-4E4C-815C-9D6ADEDD31C9}.Release|x86.ActiveCfg = Release|Any CPU
		{63F0AD78-D838-4E4C-815C-9D6ADEDD31C9}.Release|x86.Build.0 = Release|Any CPU
		{7773DAC3-6D8A-4D7C-9C3A-A7938F5651B7}.Debug|Any CPU.ActiveCfg = Debug|Any CPU
		{7773DAC3-6D8A-4D7C-9C3A-A7938F5651B7}.Debug|Any CPU.Build.0 = Debug|Any CPU
		{7773DAC3-6D8A-4D7C-9C3A-A7938F5651B7}.Debug|x64.ActiveCfg = Debug|Any CPU
		{7773DAC3-6D8A-4D7C-9C3A-A7938F5651B7}.Debug|x64.Build.0 = Debug|Any CPU
		{7773DAC3-6D8A-4D7C-9C3A-A7938F5651B7}.Debug|x86.ActiveCfg = Debug|Any CPU
		{7773DAC3-6D8A-4D7C-9C3A-A7938F5651B7}.Debug|x86.Build.0 = Debug|Any CPU
		{7773DAC3-6D8A-4D7C-9C3A-A7938F5651B7}.Release|Any CPU.ActiveCfg = Release|Any CPU
		{7773DAC3-6D8A-4D7C-9C3A-A7938F5651B7}.Release|Any CPU.Build.0 = Release|Any CPU
		{7773DAC3-6D8A-4D7C-9C3A-A7938F5651B7}.Release|x64.ActiveCfg = Release|Any CPU
		{7773DAC3-6D8A-4D7C-9C3A-A7938F5651B7}.Release|x64.Build.0 = Release|Any CPU
		{7773DAC3-6D8A-4D7C-9C3A-A7938F5651B7}.Release|x86.ActiveCfg = Release|Any CPU
		{7773DAC3-6D8A-4D7C-9C3A-A7938F5651B7}.Release|x86.Build.0 = Release|Any CPU
		{B5F624CD-0E8E-435C-AD42-D42A5A488BF6}.Debug|Any CPU.ActiveCfg = Debug|Any CPU
		{B5F624CD-0E8E-435C-AD42-D42A5A488BF6}.Debug|Any CPU.Build.0 = Debug|Any CPU
		{B5F624CD-0E8E-435C-AD42-D42A5A488BF6}.Debug|x64.ActiveCfg = Debug|Any CPU
		{B5F624CD-0E8E-435C-AD42-D42A5A488BF6}.Debug|x64.Build.0 = Debug|Any CPU
		{B5F624CD-0E8E-435C-AD42-D42A5A488BF6}.Debug|x86.ActiveCfg = Debug|Any CPU
		{B5F624CD-0E8E-435C-AD42-D42A5A488BF6}.Debug|x86.Build.0 = Debug|Any CPU
		{B5F624CD-0E8E-435C-AD42-D42A5A488BF6}.Release|Any CPU.ActiveCfg = Release|Any CPU
		{B5F624CD-0E8E-435C-AD42-D42A5A488BF6}.Release|Any CPU.Build.0 = Release|Any CPU
		{B5F624CD-0E8E-435C-AD42-D42A5A488BF6}.Release|x64.ActiveCfg = Release|Any CPU
		{B5F624CD-0E8E-435C-AD42-D42A5A488BF6}.Release|x64.Build.0 = Release|Any CPU
		{B5F624CD-0E8E-435C-AD42-D42A5A488BF6}.Release|x86.ActiveCfg = Release|Any CPU
		{B5F624CD-0E8E-435C-AD42-D42A5A488BF6}.Release|x86.Build.0 = Release|Any CPU
		{64539063-7117-4659-A06E-70773AB53C69}.Debug|Any CPU.ActiveCfg = Debug|Any CPU
		{64539063-7117-4659-A06E-70773AB53C69}.Debug|Any CPU.Build.0 = Debug|Any CPU
		{64539063-7117-4659-A06E-70773AB53C69}.Debug|x64.ActiveCfg = Debug|Any CPU
		{64539063-7117-4659-A06E-70773AB53C69}.Debug|x64.Build.0 = Debug|Any CPU
		{64539063-7117-4659-A06E-70773AB53C69}.Debug|x86.ActiveCfg = Debug|Any CPU
		{64539063-7117-4659-A06E-70773AB53C69}.Debug|x86.Build.0 = Debug|Any CPU
		{64539063-7117-4659-A06E-70773AB53C69}.Release|Any CPU.ActiveCfg = Release|Any CPU
		{64539063-7117-4659-A06E-70773AB53C69}.Release|Any CPU.Build.0 = Release|Any CPU
		{64539063-7117-4659-A06E-70773AB53C69}.Release|x64.ActiveCfg = Release|Any CPU
		{64539063-7117-4659-A06E-70773AB53C69}.Release|x64.Build.0 = Release|Any CPU
		{64539063-7117-4659-A06E-70773AB53C69}.Release|x86.ActiveCfg = Release|Any CPU
		{64539063-7117-4659-A06E-70773AB53C69}.Release|x86.Build.0 = Release|Any CPU
		{6C31FAF2-F7E7-4724-A771-1B78AE577C25}.Debug|Any CPU.ActiveCfg = Debug|Any CPU
		{6C31FAF2-F7E7-4724-A771-1B78AE577C25}.Debug|Any CPU.Build.0 = Debug|Any CPU
		{6C31FAF2-F7E7-4724-A771-1B78AE577C25}.Debug|x64.ActiveCfg = Debug|Any CPU
		{6C31FAF2-F7E7-4724-A771-1B78AE577C25}.Debug|x64.Build.0 = Debug|Any CPU
		{6C31FAF2-F7E7-4724-A771-1B78AE577C25}.Debug|x86.ActiveCfg = Debug|Any CPU
		{6C31FAF2-F7E7-4724-A771-1B78AE577C25}.Debug|x86.Build.0 = Debug|Any CPU
		{6C31FAF2-F7E7-4724-A771-1B78AE577C25}.Release|Any CPU.ActiveCfg = Release|Any CPU
		{6C31FAF2-F7E7-4724-A771-1B78AE577C25}.Release|Any CPU.Build.0 = Release|Any CPU
		{6C31FAF2-F7E7-4724-A771-1B78AE577C25}.Release|x64.ActiveCfg = Release|Any CPU
		{6C31FAF2-F7E7-4724-A771-1B78AE577C25}.Release|x64.Build.0 = Release|Any CPU
		{6C31FAF2-F7E7-4724-A771-1B78AE577C25}.Release|x86.ActiveCfg = Release|Any CPU
		{6C31FAF2-F7E7-4724-A771-1B78AE577C25}.Release|x86.Build.0 = Release|Any CPU
		{B23D77EE-E42E-464D-B06B-84BAFA86819A}.Debug|Any CPU.ActiveCfg = Debug|Any CPU
		{B23D77EE-E42E-464D-B06B-84BAFA86819A}.Debug|Any CPU.Build.0 = Debug|Any CPU
		{B23D77EE-E42E-464D-B06B-84BAFA86819A}.Debug|x64.ActiveCfg = Debug|Any CPU
		{B23D77EE-E42E-464D-B06B-84BAFA86819A}.Debug|x64.Build.0 = Debug|Any CPU
		{B23D77EE-E42E-464D-B06B-84BAFA86819A}.Debug|x86.ActiveCfg = Debug|Any CPU
		{B23D77EE-E42E-464D-B06B-84BAFA86819A}.Debug|x86.Build.0 = Debug|Any CPU
		{B23D77EE-E42E-464D-B06B-84BAFA86819A}.Release|Any CPU.ActiveCfg = Release|Any CPU
		{B23D77EE-E42E-464D-B06B-84BAFA86819A}.Release|Any CPU.Build.0 = Release|Any CPU
		{B23D77EE-E42E-464D-B06B-84BAFA86819A}.Release|x64.ActiveCfg = Release|Any CPU
		{B23D77EE-E42E-464D-B06B-84BAFA86819A}.Release|x64.Build.0 = Release|Any CPU
		{B23D77EE-E42E-464D-B06B-84BAFA86819A}.Release|x86.ActiveCfg = Release|Any CPU
		{B23D77EE-E42E-464D-B06B-84BAFA86819A}.Release|x86.Build.0 = Release|Any CPU
		{437F573E-DF53-4B73-967A-F1149E19A9A0}.Debug|Any CPU.ActiveCfg = Debug|Any CPU
		{437F573E-DF53-4B73-967A-F1149E19A9A0}.Debug|Any CPU.Build.0 = Debug|Any CPU
		{437F573E-DF53-4B73-967A-F1149E19A9A0}.Debug|x64.ActiveCfg = Debug|Any CPU
		{437F573E-DF53-4B73-967A-F1149E19A9A0}.Debug|x64.Build.0 = Debug|Any CPU
		{437F573E-DF53-4B73-967A-F1149E19A9A0}.Debug|x86.ActiveCfg = Debug|Any CPU
		{437F573E-DF53-4B73-967A-F1149E19A9A0}.Debug|x86.Build.0 = Debug|Any CPU
		{437F573E-DF53-4B73-967A-F1149E19A9A0}.Release|Any CPU.ActiveCfg = Release|Any CPU
		{437F573E-DF53-4B73-967A-F1149E19A9A0}.Release|Any CPU.Build.0 = Release|Any CPU
		{437F573E-DF53-4B73-967A-F1149E19A9A0}.Release|x64.ActiveCfg = Release|Any CPU
		{437F573E-DF53-4B73-967A-F1149E19A9A0}.Release|x64.Build.0 = Release|Any CPU
		{437F573E-DF53-4B73-967A-F1149E19A9A0}.Release|x86.ActiveCfg = Release|Any CPU
		{437F573E-DF53-4B73-967A-F1149E19A9A0}.Release|x86.Build.0 = Release|Any CPU
		{913D7F9A-AF34-447A-98F1-CA27DFBC1C20}.Debug|Any CPU.ActiveCfg = Debug|Any CPU
		{913D7F9A-AF34-447A-98F1-CA27DFBC1C20}.Debug|Any CPU.Build.0 = Debug|Any CPU
		{913D7F9A-AF34-447A-98F1-CA27DFBC1C20}.Debug|x64.ActiveCfg = Debug|Any CPU
		{913D7F9A-AF34-447A-98F1-CA27DFBC1C20}.Debug|x64.Build.0 = Debug|Any CPU
		{913D7F9A-AF34-447A-98F1-CA27DFBC1C20}.Debug|x86.ActiveCfg = Debug|Any CPU
		{913D7F9A-AF34-447A-98F1-CA27DFBC1C20}.Debug|x86.Build.0 = Debug|Any CPU
		{913D7F9A-AF34-447A-98F1-CA27DFBC1C20}.Release|Any CPU.ActiveCfg = Release|Any CPU
		{913D7F9A-AF34-447A-98F1-CA27DFBC1C20}.Release|Any CPU.Build.0 = Release|Any CPU
		{913D7F9A-AF34-447A-98F1-CA27DFBC1C20}.Release|x64.ActiveCfg = Release|Any CPU
		{913D7F9A-AF34-447A-98F1-CA27DFBC1C20}.Release|x64.Build.0 = Release|Any CPU
		{913D7F9A-AF34-447A-98F1-CA27DFBC1C20}.Release|x86.ActiveCfg = Release|Any CPU
		{913D7F9A-AF34-447A-98F1-CA27DFBC1C20}.Release|x86.Build.0 = Release|Any CPU
		{0FEB7A26-E4E9-445A-A719-953B98355F1A}.Debug|Any CPU.ActiveCfg = Debug|Any CPU
		{0FEB7A26-E4E9-445A-A719-953B98355F1A}.Debug|Any CPU.Build.0 = Debug|Any CPU
		{0FEB7A26-E4E9-445A-A719-953B98355F1A}.Debug|x64.ActiveCfg = Debug|Any CPU
		{0FEB7A26-E4E9-445A-A719-953B98355F1A}.Debug|x64.Build.0 = Debug|Any CPU
		{0FEB7A26-E4E9-445A-A719-953B98355F1A}.Debug|x86.ActiveCfg = Debug|Any CPU
		{0FEB7A26-E4E9-445A-A719-953B98355F1A}.Debug|x86.Build.0 = Debug|Any CPU
		{0FEB7A26-E4E9-445A-A719-953B98355F1A}.Release|Any CPU.ActiveCfg = Release|Any CPU
		{0FEB7A26-E4E9-445A-A719-953B98355F1A}.Release|Any CPU.Build.0 = Release|Any CPU
		{0FEB7A26-E4E9-445A-A719-953B98355F1A}.Release|x64.ActiveCfg = Release|Any CPU
		{0FEB7A26-E4E9-445A-A719-953B98355F1A}.Release|x64.Build.0 = Release|Any CPU
		{0FEB7A26-E4E9-445A-A719-953B98355F1A}.Release|x86.ActiveCfg = Release|Any CPU
		{0FEB7A26-E4E9-445A-A719-953B98355F1A}.Release|x86.Build.0 = Release|Any CPU
		{62882AE5-8AD5-44CE-B219-735E05542219}.Debug|Any CPU.ActiveCfg = Debug|Any CPU
		{62882AE5-8AD5-44CE-B219-735E05542219}.Debug|Any CPU.Build.0 = Debug|Any CPU
		{62882AE5-8AD5-44CE-B219-735E05542219}.Debug|x64.ActiveCfg = Debug|Any CPU
		{62882AE5-8AD5-44CE-B219-735E05542219}.Debug|x64.Build.0 = Debug|Any CPU
		{62882AE5-8AD5-44CE-B219-735E05542219}.Debug|x86.ActiveCfg = Debug|Any CPU
		{62882AE5-8AD5-44CE-B219-735E05542219}.Debug|x86.Build.0 = Debug|Any CPU
		{62882AE5-8AD5-44CE-B219-735E05542219}.Release|Any CPU.ActiveCfg = Release|Any CPU
		{62882AE5-8AD5-44CE-B219-735E05542219}.Release|Any CPU.Build.0 = Release|Any CPU
		{62882AE5-8AD5-44CE-B219-735E05542219}.Release|x64.ActiveCfg = Release|Any CPU
		{62882AE5-8AD5-44CE-B219-735E05542219}.Release|x64.Build.0 = Release|Any CPU
		{62882AE5-8AD5-44CE-B219-735E05542219}.Release|x86.ActiveCfg = Release|Any CPU
		{62882AE5-8AD5-44CE-B219-735E05542219}.Release|x86.Build.0 = Release|Any CPU
		{B88FD3A4-438D-4AAD-A5D7-CD0DBED8F931}.Debug|Any CPU.ActiveCfg = Debug|Any CPU
		{B88FD3A4-438D-4AAD-A5D7-CD0DBED8F931}.Debug|Any CPU.Build.0 = Debug|Any CPU
		{B88FD3A4-438D-4AAD-A5D7-CD0DBED8F931}.Debug|x64.ActiveCfg = Debug|Any CPU
		{B88FD3A4-438D-4AAD-A5D7-CD0DBED8F931}.Debug|x64.Build.0 = Debug|Any CPU
		{B88FD3A4-438D-4AAD-A5D7-CD0DBED8F931}.Debug|x86.ActiveCfg = Debug|Any CPU
		{B88FD3A4-438D-4AAD-A5D7-CD0DBED8F931}.Debug|x86.Build.0 = Debug|Any CPU
		{B88FD3A4-438D-4AAD-A5D7-CD0DBED8F931}.Release|Any CPU.ActiveCfg = Release|Any CPU
		{B88FD3A4-438D-4AAD-A5D7-CD0DBED8F931}.Release|Any CPU.Build.0 = Release|Any CPU
		{B88FD3A4-438D-4AAD-A5D7-CD0DBED8F931}.Release|x64.ActiveCfg = Release|Any CPU
		{B88FD3A4-438D-4AAD-A5D7-CD0DBED8F931}.Release|x64.Build.0 = Release|Any CPU
		{B88FD3A4-438D-4AAD-A5D7-CD0DBED8F931}.Release|x86.ActiveCfg = Release|Any CPU
		{B88FD3A4-438D-4AAD-A5D7-CD0DBED8F931}.Release|x86.Build.0 = Release|Any CPU
		{F0A011EC-5052-4D85-A43A-8C793CCCC932}.Debug|Any CPU.ActiveCfg = Debug|Any CPU
		{F0A011EC-5052-4D85-A43A-8C793CCCC932}.Debug|Any CPU.Build.0 = Debug|Any CPU
		{F0A011EC-5052-4D85-A43A-8C793CCCC932}.Debug|x64.ActiveCfg = Debug|Any CPU
		{F0A011EC-5052-4D85-A43A-8C793CCCC932}.Debug|x64.Build.0 = Debug|Any CPU
		{F0A011EC-5052-4D85-A43A-8C793CCCC932}.Debug|x86.ActiveCfg = Debug|Any CPU
		{F0A011EC-5052-4D85-A43A-8C793CCCC932}.Debug|x86.Build.0 = Debug|Any CPU
		{F0A011EC-5052-4D85-A43A-8C793CCCC932}.Release|Any CPU.ActiveCfg = Release|Any CPU
		{F0A011EC-5052-4D85-A43A-8C793CCCC932}.Release|Any CPU.Build.0 = Release|Any CPU
		{F0A011EC-5052-4D85-A43A-8C793CCCC932}.Release|x64.ActiveCfg = Release|Any CPU
		{F0A011EC-5052-4D85-A43A-8C793CCCC932}.Release|x64.Build.0 = Release|Any CPU
		{F0A011EC-5052-4D85-A43A-8C793CCCC932}.Release|x86.ActiveCfg = Release|Any CPU
		{F0A011EC-5052-4D85-A43A-8C793CCCC932}.Release|x86.Build.0 = Release|Any CPU
		{3F62D6B6-236A-4C4D-8ECB-C1B275AFC460}.Debug|Any CPU.ActiveCfg = Debug|Any CPU
		{3F62D6B6-236A-4C4D-8ECB-C1B275AFC460}.Debug|Any CPU.Build.0 = Debug|Any CPU
		{3F62D6B6-236A-4C4D-8ECB-C1B275AFC460}.Debug|x64.ActiveCfg = Debug|Any CPU
		{3F62D6B6-236A-4C4D-8ECB-C1B275AFC460}.Debug|x64.Build.0 = Debug|Any CPU
		{3F62D6B6-236A-4C4D-8ECB-C1B275AFC460}.Debug|x86.ActiveCfg = Debug|Any CPU
		{3F62D6B6-236A-4C4D-8ECB-C1B275AFC460}.Debug|x86.Build.0 = Debug|Any CPU
		{3F62D6B6-236A-4C4D-8ECB-C1B275AFC460}.Release|Any CPU.ActiveCfg = Release|Any CPU
		{3F62D6B6-236A-4C4D-8ECB-C1B275AFC460}.Release|Any CPU.Build.0 = Release|Any CPU
		{3F62D6B6-236A-4C4D-8ECB-C1B275AFC460}.Release|x64.ActiveCfg = Release|Any CPU
		{3F62D6B6-236A-4C4D-8ECB-C1B275AFC460}.Release|x64.Build.0 = Release|Any CPU
		{3F62D6B6-236A-4C4D-8ECB-C1B275AFC460}.Release|x86.ActiveCfg = Release|Any CPU
		{3F62D6B6-236A-4C4D-8ECB-C1B275AFC460}.Release|x86.Build.0 = Release|Any CPU
		{CA1B9EA4-45A3-490D-AADC-E503EA83E99E}.Debug|Any CPU.ActiveCfg = Debug|Any CPU
		{CA1B9EA4-45A3-490D-AADC-E503EA83E99E}.Debug|Any CPU.Build.0 = Debug|Any CPU
		{CA1B9EA4-45A3-490D-AADC-E503EA83E99E}.Debug|x64.ActiveCfg = Debug|Any CPU
		{CA1B9EA4-45A3-490D-AADC-E503EA83E99E}.Debug|x64.Build.0 = Debug|Any CPU
		{CA1B9EA4-45A3-490D-AADC-E503EA83E99E}.Debug|x86.ActiveCfg = Debug|Any CPU
		{CA1B9EA4-45A3-490D-AADC-E503EA83E99E}.Debug|x86.Build.0 = Debug|Any CPU
		{CA1B9EA4-45A3-490D-AADC-E503EA83E99E}.Release|Any CPU.ActiveCfg = Release|Any CPU
		{CA1B9EA4-45A3-490D-AADC-E503EA83E99E}.Release|Any CPU.Build.0 = Release|Any CPU
		{CA1B9EA4-45A3-490D-AADC-E503EA83E99E}.Release|x64.ActiveCfg = Release|Any CPU
		{CA1B9EA4-45A3-490D-AADC-E503EA83E99E}.Release|x64.Build.0 = Release|Any CPU
		{CA1B9EA4-45A3-490D-AADC-E503EA83E99E}.Release|x86.ActiveCfg = Release|Any CPU
		{CA1B9EA4-45A3-490D-AADC-E503EA83E99E}.Release|x86.Build.0 = Release|Any CPU
	EndGlobalSection
	GlobalSection(SolutionProperties) = preSolution
		HideSolutionNode = FALSE
	EndGlobalSection
	GlobalSection(NestedProjects) = preSolution
		{380B51D8-15ED-4210-A3CD-CA77DBBBFD5E} = {5854FF58-B8C5-05C6-5BF2-ACE42193F22B}
		{5CFE4BAC-9D17-26E1-1140-3D04F039A514} = {5854FF58-B8C5-05C6-5BF2-ACE42193F22B}
		{63F0AD78-D838-4E4C-815C-9D6ADEDD31C9} = {5CFE4BAC-9D17-26E1-1140-3D04F039A514}
		{7773DAC3-6D8A-4D7C-9C3A-A7938F5651B7} = {5CFE4BAC-9D17-26E1-1140-3D04F039A514}
		{B5F624CD-0E8E-435C-AD42-D42A5A488BF6} = {5CFE4BAC-9D17-26E1-1140-3D04F039A514}
		{64539063-7117-4659-A06E-70773AB53C69} = {5CFE4BAC-9D17-26E1-1140-3D04F039A514}
		{DD206F60-1FAF-ED75-6FA2-9D7982884EA4} = {5854FF58-B8C5-05C6-5BF2-ACE42193F22B}
		{6C31FAF2-F7E7-4724-A771-1B78AE577C25} = {DD206F60-1FAF-ED75-6FA2-9D7982884EA4}
		{B23D77EE-E42E-464D-B06B-84BAFA86819A} = {DD206F60-1FAF-ED75-6FA2-9D7982884EA4}
		{437F573E-DF53-4B73-967A-F1149E19A9A0} = {DD206F60-1FAF-ED75-6FA2-9D7982884EA4}
		{913D7F9A-AF34-447A-98F1-CA27DFBC1C20} = {DD206F60-1FAF-ED75-6FA2-9D7982884EA4}
		{0FEB7A26-E4E9-445A-A719-953B98355F1A} = {4F52FD11-658E-A102-6CD3-7D7C16FFA15B}
		{2066DCBC-4CD4-8879-DA3A-2701C374B344} = {5854FF58-B8C5-05C6-5BF2-ACE42193F22B}
		{62882AE5-8AD5-44CE-B219-735E05542219} = {2066DCBC-4CD4-8879-DA3A-2701C374B344}
		{B88FD3A4-438D-4AAD-A5D7-CD0DBED8F931} = {2066DCBC-4CD4-8879-DA3A-2701C374B344}
		{F0A011EC-5052-4D85-A43A-8C793CCCC932} = {2066DCBC-4CD4-8879-DA3A-2701C374B344}
		{3F62D6B6-236A-4C4D-8ECB-C1B275AFC460} = {2066DCBC-4CD4-8879-DA3A-2701C374B344}
		{CA1B9EA4-45A3-490D-AADC-E503EA83E99E} = {4F52FD11-658E-A102-6CD3-7D7C16FFA15B}
	EndGlobalSection
EndGlobal
