
Microsoft Visual Studio Solution File, Format Version 12.00
Project("{FAE04EC0-301F-11D3-BF4B-00C04F79EFBC}") = "Asset.Api", "Asset.Api\Asset.Api.csproj", "{4C08B961-4269-4B51-BFCA-0F1B1894927B}"
EndProject
Global
	GlobalSection(SolutionConfigurationPlatforms) = preSolution
		Debug|Any CPU = Debug|Any CPU
		Release|Any CPU = Release|Any CPU
	EndGlobalSection
	GlobalSection(ProjectConfigurationPlatforms) = postSolution
		{4C08B961-4269-4B51-BFCA-0F1B1894927B}.Debug|Any CPU.ActiveCfg = Debug|Any CPU
		{4C08B961-4269-4B51-BFCA-0F1B1894927B}.Debug|Any CPU.Build.0 = Debug|Any CPU
		{4C08B961-4269-4B51-BFCA-0F1B1894927B}.Release|Any CPU.ActiveCfg = Release|Any CPU
		{4C08B961-4269-4B51-BFCA-0F1B1894927B}.Release|Any CPU.Build.0 = Release|Any CPU
	EndGlobalSection
EndGlobal
